
Microsoft Visual Studio Solution File, Format Version 12.00
# Visual Studio Version 17
VisualStudioVersion = 17.2.32602.215
MinimumVisualStudioVersion = 10.0.40219.1
Project("{FAE04EC0-301F-11D3-BF4B-00C04F79EFBC}") = "AspTest", "AspTest.csproj", "{217F669A-0403-4177-9003-7448379AD4CE}"
EndProject
Global
	GlobalSection(SolutionConfigurationPlatforms) = preSolution
		Debug|Any CPU = Debug|Any CPU
		Release|Any CPU = Release|Any CPU
	EndGlobalSection
	GlobalSection(ProjectConfigurationPlatforms) = postSolution
		{217F669A-0403-4177-9003-7448379AD4CE}.Debug|Any CPU.ActiveCfg = Debug|Any CPU
		{217F669A-0403-4177-9003-7448379AD4CE}.Debug|Any CPU.Build.0 = Debug|Any CPU
		{217F669A-0403-4177-9003-7448379AD4CE}.Release|Any CPU.ActiveCfg = Release|Any CPU
		{217F669A-0403-4177-9003-7448379AD4CE}.Release|Any CPU.Build.0 = Release|Any CPU
	EndGlobalSection
	GlobalSection(SolutionProperties) = preSolution
		HideSolutionNode = FALSE
	EndGlobalSection
	GlobalSection(ExtensibilityGlobals) = postSolution
		SolutionGuid = {A7040B22-5137-4288-A3C0-26867C3E977C}
	EndGlobalSection
EndGlobal
